
Microsoft Visual Studio Solution File, Format Version 12.00
# Visual Studio Version 17
VisualStudioVersion = 17.0.31903.59
MinimumVisualStudioVersion = 10.0.40219.1
Project("{2150E333-8FDC-42A3-9474-1A3956D46DE8}") = "src", "src", "{74186DBB-313F-4373-A8BD-9EABE075FA90}"
EndProject
Project("{FAE04EC0-301F-11D3-BF4B-00C04F79EFBC}") = "DesktopOrganizer.Core", "src\Core\DesktopOrganizer.Core.csproj", "{F1B6625A-23EB-41F1-92AB-9F54C04FCDCB}"
EndProject
Project("{FAE04EC0-301F-11D3-BF4B-00C04F79EFBC}") = "DesktopOrganizer.Platform.Windows", "src\Platform.Windows\DesktopOrganizer.Platform.Windows.csproj", "{96010F01-3C8D-445F-9A68-C8D1E87F74AE}"
EndProject
Project("{FAE04EC0-301F-11D3-BF4B-00C04F79EFBC}") = "DesktopOrganizer.App", "src\App\DesktopOrganizer.App.csproj", "{6752348C-1CF0-42B6-A71F-C68864208698}"
EndProject
Global
	GlobalSection(SolutionConfigurationPlatforms) = preSolution
		Debug|Any CPU = Debug|Any CPU
		Release|Any CPU = Release|Any CPU
	EndGlobalSection
	GlobalSection(SolutionProperties) = preSolution
		HideSolutionNode = FALSE
	EndGlobalSection
	GlobalSection(ProjectConfigurationPlatforms) = postSolution
		{F1B6625A-23EB-41F1-92AB-9F54C04FCDCB}.Debug|Any CPU.ActiveCfg = Debug|Any CPU
		{F1B6625A-23EB-41F1-92AB-9F54C04FCDCB}.Debug|Any CPU.Build.0 = Debug|Any CPU
		{F1B6625A-23EB-41F1-92AB-9F54C04FCDCB}.Release|Any CPU.ActiveCfg = Release|Any CPU
		{F1B6625A-23EB-41F1-92AB-9F54C04FCDCB}.Release|Any CPU.Build.0 = Release|Any CPU
		{96010F01-3C8D-445F-9A68-C8D1E87F74AE}.Debug|Any CPU.ActiveCfg = Debug|Any CPU
		{96010F01-3C8D-445F-9A68-C8D1E87F74AE}.Debug|Any CPU.Build.0 = Debug|Any CPU
		{96010F01-3C8D-445F-9A68-C8D1E87F74AE}.Release|Any CPU.ActiveCfg = Release|Any CPU
		{96010F01-3C8D-445F-9A68-C8D1E87F74AE}.Release|Any CPU.Build.0 = Release|Any CPU
		{6752348C-1CF0-42B6-A71F-C68864208698}.Debug|Any CPU.ActiveCfg = Debug|Any CPU
		{6752348C-1CF0-42B6-A71F-C68864208698}.Debug|Any CPU.Build.0 = Debug|Any CPU
		{6752348C-1CF0-42B6-A71F-C68864208698}.Release|Any CPU.ActiveCfg = Release|Any CPU
		{6752348C-1CF0-42B6-A71F-C68864208698}.Release|Any CPU.Build.0 = Release|Any CPU
	EndGlobalSection
	GlobalSection(NestedProjects) = preSolution
		{F1B6625A-23EB-41F1-92AB-9F54C04FCDCB} = {74186DBB-313F-4373-A8BD-9EABE075FA90}
		{96010F01-3C8D-445F-9A68-C8D1E87F74AE} = {74186DBB-313F-4373-A8BD-9EABE075FA90}
		{6752348C-1CF0-42B6-A71F-C68864208698} = {74186DBB-313F-4373-A8BD-9EABE075FA90}
	EndGlobalSection
EndGlobal
